
Microsoft Visual Studio Solution File, Format Version 12.00
# Visual Studio Version 16
VisualStudioVersion = 16.0.28721.148
MinimumVisualStudioVersion = 10.0.40219.1
Project("{FAE04EC0-301F-11D3-BF4B-00C04F79EFBC}") = "YoutubeListDownloader", "YoutubeListDownloader\YoutubeListDownloader.csproj", "{66573B7B-0745-46E9-B57D-78A269B2B4FC}"
EndProject
Global
	GlobalSection(SolutionConfigurationPlatforms) = preSolution
		Debug|Any CPU = Debug|Any CPU
		Release|Any CPU = Release|Any CPU
	EndGlobalSection
	GlobalSection(ProjectConfigurationPlatforms) = postSolution
		{66573B7B-0745-46E9-B57D-78A269B2B4FC}.Debug|Any CPU.ActiveCfg = Debug|Any CPU
		{66573B7B-0745-46E9-B57D-78A269B2B4FC}.Debug|Any CPU.Build.0 = Debug|Any CPU
		{66573B7B-0745-46E9-B57D-78A269B2B4FC}.Release|Any CPU.ActiveCfg = Release|Any CPU
		{66573B7B-0745-46E9-B57D-78A269B2B4FC}.Release|Any CPU.Build.0 = Release|Any CPU
	EndGlobalSection
	GlobalSection(SolutionProperties) = preSolution
		HideSolutionNode = FALSE
	EndGlobalSection
	GlobalSection(ExtensibilityGlobals) = postSolution
		SolutionGuid = {C04157C3-F429-4BDA-97AE-13961F7B99EC}
	EndGlobalSection
EndGlobal
